// !$*UTF8*$!
{
	archiveVersion = 1;
	classes = {
	};
	objectVersion = 56;
	objects = {

/* Begin PBXBuildFile section */
		06071A992E8FF4BC00578886 /* APODViewModelTests.swift in Sources */ = {isa = PBXBuildFile; fileRef = 06071A982E8FF4BC00578886 /* APODViewModelTests.swift */; };
		06071A9B2E8FF4FC00578886 /* NetworkServiceTests.swift in Sources */ = {isa = PBXBuildFile; fileRef = 06071A9A2E8FF4FC00578886 /* NetworkServiceTests.swift */; };
		06071A9D2E8FF5A800578886 /* CacheServiceTests.swift in Sources */ = {isa = PBXBuildFile; fileRef = 06071A9C2E8FF5A800578886 /* CacheServiceTests.swift */; };
		06071A9F2E8FF60700578886 /* ImageLoaderTests.swift in Sources */ = {isa = PBXBuildFile; fileRef = 06071A9E2E8FF60700578886 /* ImageLoaderTests.swift */; };
		06071AA12E8FF64D00578886 /* APODModelTests.swift in Sources */ = {isa = PBXBuildFile; fileRef = 06071AA02E8FF64D00578886 /* APODModelTests.swift */; };
		06071AA42E8FF6DD00578886 /* MocksClasses.swift in Sources */ = {isa = PBXBuildFile; fileRef = 06071AA32E8FF6DD00578886 /* MocksClasses.swift */; };
		06071AA62E8FFFC000578886 /* NetworkClientTests.swift in Sources */ = {isa = PBXBuildFile; fileRef = 06071AA52E8FFFC000578886 /* NetworkClientTests.swift */; };
		0626FFEB2E8F544D00EF1323 /* NASAAPODAppUITests.swift in Sources */ = {isa = PBXBuildFile; fileRef = 065876032E8DB0490093527D /* NASAAPODAppUITests.swift */; };
		0626FFEC2E8F545000EF1323 /* NASAAPODAppUITestsLaunchTests.swift in Sources */ = {isa = PBXBuildFile; fileRef = 065876052E8DB0490093527D /* NASAAPODAppUITestsLaunchTests.swift */; };
		065875E92E8DB0480093527D /* NASAAPODAppApp.swift in Sources */ = {isa = PBXBuildFile; fileRef = 065875E82E8DB0480093527D /* NASAAPODAppApp.swift */; };
		065875EB2E8DB0480093527D /* HomeView.swift in Sources */ = {isa = PBXBuildFile; fileRef = 065875EA2E8DB0480093527D /* HomeView.swift */; };
		065875ED2E8DB0490093527D /* Assets.xcassets in Resources */ = {isa = PBXBuildFile; fileRef = 065875EC2E8DB0490093527D /* Assets.xcassets */; };
		065875F02E8DB0490093527D /* Preview Assets.xcassets in Resources */ = {isa = PBXBuildFile; fileRef = 065875EF2E8DB0490093527D /* Preview Assets.xcassets */; };
		065876212E8DB17C0093527D /* APODViewModel.swift in Sources */ = {isa = PBXBuildFile; fileRef = 065876202E8DB17C0093527D /* APODViewModel.swift */; };
		065876272E8DB1B30093527D /* APOD.swift in Sources */ = {isa = PBXBuildFile; fileRef = 065876262E8DB1B30093527D /* APOD.swift */; };
		0658762C2E8DD5360093527D /* VideoPlayerView.swift in Sources */ = {isa = PBXBuildFile; fileRef = 0658762B2E8DD5360093527D /* VideoPlayerView.swift */; };
		0658762F2E8DDFDE0093527D /* NetworkClientProtocol.swift in Sources */ = {isa = PBXBuildFile; fileRef = 0658762E2E8DDFDE0093527D /* NetworkClientProtocol.swift */; };
		065876312E8DDFED0093527D /* APODServiceProtocol.swift in Sources */ = {isa = PBXBuildFile; fileRef = 065876302E8DDFED0093527D /* APODServiceProtocol.swift */; };
		065876332E8DE0000093527D /* APODCacheProtocol.swift in Sources */ = {isa = PBXBuildFile; fileRef = 065876322E8DE0000093527D /* APODCacheProtocol.swift */; };
		065876352E8DE0120093527D /* ImageCacheProtocol.swift in Sources */ = {isa = PBXBuildFile; fileRef = 065876342E8DE0120093527D /* ImageCacheProtocol.swift */; };
		065876372E8DE0220093527D /* ImageLoaderProtocol.swift in Sources */ = {isa = PBXBuildFile; fileRef = 065876362E8DE0220093527D /* ImageLoaderProtocol.swift */; };
		0658763B2E8DE12B0093527D /* NetworkClient.swift in Sources */ = {isa = PBXBuildFile; fileRef = 0658763A2E8DE12B0093527D /* NetworkClient.swift */; };
		0658763D2E8DE13B0093527D /* APODNetworkService.swift in Sources */ = {isa = PBXBuildFile; fileRef = 0658763C2E8DE13B0093527D /* APODNetworkService.swift */; };
		0658763F2E8DE1490093527D /* APODCacheService.swift in Sources */ = {isa = PBXBuildFile; fileRef = 0658763E2E8DE1490093527D /* APODCacheService.swift */; };
		065876412E8DE1570093527D /* ImageCacheService.swift in Sources */ = {isa = PBXBuildFile; fileRef = 065876402E8DE1570093527D /* ImageCacheService.swift */; };
		065876432E8DE1650093527D /* ImageLoader.swift in Sources */ = {isa = PBXBuildFile; fileRef = 065876422E8DE1650093527D /* ImageLoader.swift */; };
		06B23E432E91594B00CAD94F /* Date+Extension.swift in Sources */ = {isa = PBXBuildFile; fileRef = 06B23E422E91592700CAD94F /* Date+Extension.swift */; };
		06B23E452E9159AA00CAD94F /* MediaType.swift in Sources */ = {isa = PBXBuildFile; fileRef = 06B23E442E9159A200CAD94F /* MediaType.swift */; };
		06B23E582E919A8D00CAD94F /* APODView.swift in Sources */ = {isa = PBXBuildFile; fileRef = 06B23E572E919A8D00CAD94F /* APODView.swift */; };
		06B23E5A2E919F3E00CAD94F /* APODDatePickerSheet.swift in Sources */ = {isa = PBXBuildFile; fileRef = 06B23E592E919F3E00CAD94F /* APODDatePickerSheet.swift */; };
		06B23E5C2E919F5800CAD94F /* APODErrorStateView.swift in Sources */ = {isa = PBXBuildFile; fileRef = 06B23E5B2E919F5800CAD94F /* APODErrorStateView.swift */; };
		06B23E5E2E919F6900CAD94F /* APODExplanationSection.swift in Sources */ = {isa = PBXBuildFile; fileRef = 06B23E5D2E919F6900CAD94F /* APODExplanationSection.swift */; };
		06B23E602E919F9200CAD94F /* APODMediaView.swift in Sources */ = {isa = PBXBuildFile; fileRef = 06B23E5F2E919F9200CAD94F /* APODMediaView.swift */; };
		06B23E622E919FA500CAD94F /* APODDateBadge.swift in Sources */ = {isa = PBXBuildFile; fileRef = 06B23E612E919FA500CAD94F /* APODDateBadge.swift */; };
		06B23E642E919FF800CAD94F /* APODErrorBanner.swift in Sources */ = {isa = PBXBuildFile; fileRef = 06B23E632E919FF800CAD94F /* APODErrorBanner.swift */; };
		06B23E662E91A01600CAD94F /* APODLoadingView.swift in Sources */ = {isa = PBXBuildFile; fileRef = 06B23E652E91A01600CAD94F /* APODLoadingView.swift */; };
/* End PBXBuildFile section */

/* Begin PBXContainerItemProxy section */
		065875F62E8DB0490093527D /* PBXContainerItemProxy */ = {
			isa = PBXContainerItemProxy;
			containerPortal = 065875DD2E8DB0480093527D /* Project object */;
			proxyType = 1;
			remoteGlobalIDString = 065875E42E8DB0480093527D;
			remoteInfo = NASAAPODApp;
		};
		065876002E8DB0490093527D /* PBXContainerItemProxy */ = {
			isa = PBXContainerItemProxy;
			containerPortal = 065875DD2E8DB0480093527D /* Project object */;
			proxyType = 1;
			remoteGlobalIDString = 065875E42E8DB0480093527D;
			remoteInfo = NASAAPODApp;
		};
/* End PBXContainerItemProxy section */

/* Begin PBXFileReference section */
		06071A982E8FF4BC00578886 /* APODViewModelTests.swift */ = {isa = PBXFileReference; lastKnownFileType = sourcecode.swift; path = APODViewModelTests.swift; sourceTree = "<group>"; };
		06071A9A2E8FF4FC00578886 /* NetworkServiceTests.swift */ = {isa = PBXFileReference; lastKnownFileType = sourcecode.swift; path = NetworkServiceTests.swift; sourceTree = "<group>"; };
		06071A9C2E8FF5A800578886 /* CacheServiceTests.swift */ = {isa = PBXFileReference; lastKnownFileType = sourcecode.swift; path = CacheServiceTests.swift; sourceTree = "<group>"; };
		06071A9E2E8FF60700578886 /* ImageLoaderTests.swift */ = {isa = PBXFileReference; lastKnownFileType = sourcecode.swift; path = ImageLoaderTests.swift; sourceTree = "<group>"; };
		06071AA02E8FF64D00578886 /* APODModelTests.swift */ = {isa = PBXFileReference; lastKnownFileType = sourcecode.swift; path = APODModelTests.swift; sourceTree = "<group>"; };
		06071AA32E8FF6DD00578886 /* MocksClasses.swift */ = {isa = PBXFileReference; lastKnownFileType = sourcecode.swift; path = MocksClasses.swift; sourceTree = "<group>"; };
		06071AA52E8FFFC000578886 /* NetworkClientTests.swift */ = {isa = PBXFileReference; lastKnownFileType = sourcecode.swift; path = NetworkClientTests.swift; sourceTree = "<group>"; };
		065875E52E8DB0480093527D /* NASAAPODApp.app */ = {isa = PBXFileReference; explicitFileType = wrapper.application; includeInIndex = 0; path = NASAAPODApp.app; sourceTree = BUILT_PRODUCTS_DIR; };
		065875E82E8DB0480093527D /* NASAAPODAppApp.swift */ = {isa = PBXFileReference; lastKnownFileType = sourcecode.swift; path = NASAAPODAppApp.swift; sourceTree = "<group>"; };
		065875EA2E8DB0480093527D /* HomeView.swift */ = {isa = PBXFileReference; lastKnownFileType = sourcecode.swift; path = HomeView.swift; sourceTree = "<group>"; };
		065875EC2E8DB0490093527D /* Assets.xcassets */ = {isa = PBXFileReference; lastKnownFileType = folder.assetcatalog; path = Assets.xcassets; sourceTree = "<group>"; };
		065875EF2E8DB0490093527D /* Preview Assets.xcassets */ = {isa = PBXFileReference; lastKnownFileType = folder.assetcatalog; path = "Preview Assets.xcassets"; sourceTree = "<group>"; };
		065875F52E8DB0490093527D /* NASAAPODAppTests.xctest */ = {isa = PBXFileReference; explicitFileType = wrapper.cfbundle; includeInIndex = 0; path = NASAAPODAppTests.xctest; sourceTree = BUILT_PRODUCTS_DIR; };
		065875FF2E8DB0490093527D /* NASAAPODAppUITests.xctest */ = {isa = PBXFileReference; explicitFileType = wrapper.cfbundle; includeInIndex = 0; path = NASAAPODAppUITests.xctest; sourceTree = BUILT_PRODUCTS_DIR; };
		065876032E8DB0490093527D /* NASAAPODAppUITests.swift */ = {isa = PBXFileReference; lastKnownFileType = sourcecode.swift; path = NASAAPODAppUITests.swift; sourceTree = "<group>"; };
		065876052E8DB0490093527D /* NASAAPODAppUITestsLaunchTests.swift */ = {isa = PBXFileReference; lastKnownFileType = sourcecode.swift; path = NASAAPODAppUITestsLaunchTests.swift; sourceTree = "<group>"; };
		065876202E8DB17C0093527D /* APODViewModel.swift */ = {isa = PBXFileReference; lastKnownFileType = sourcecode.swift; path = APODViewModel.swift; sourceTree = "<group>"; };
		065876262E8DB1B30093527D /* APOD.swift */ = {isa = PBXFileReference; lastKnownFileType = sourcecode.swift; path = APOD.swift; sourceTree = "<group>"; };
		0658762B2E8DD5360093527D /* VideoPlayerView.swift */ = {isa = PBXFileReference; lastKnownFileType = sourcecode.swift; path = VideoPlayerView.swift; sourceTree = "<group>"; };
		0658762E2E8DDFDE0093527D /* NetworkClientProtocol.swift */ = {isa = PBXFileReference; lastKnownFileType = sourcecode.swift; path = NetworkClientProtocol.swift; sourceTree = "<group>"; };
		065876302E8DDFED0093527D /* APODServiceProtocol.swift */ = {isa = PBXFileReference; lastKnownFileType = sourcecode.swift; path = APODServiceProtocol.swift; sourceTree = "<group>"; };
		065876322E8DE0000093527D /* APODCacheProtocol.swift */ = {isa = PBXFileReference; lastKnownFileType = sourcecode.swift; path = APODCacheProtocol.swift; sourceTree = "<group>"; };
		065876342E8DE0120093527D /* ImageCacheProtocol.swift */ = {isa = PBXFileReference; lastKnownFileType = sourcecode.swift; path = ImageCacheProtocol.swift; sourceTree = "<group>"; };
		065876362E8DE0220093527D /* ImageLoaderProtocol.swift */ = {isa = PBXFileReference; lastKnownFileType = sourcecode.swift; path = ImageLoaderProtocol.swift; sourceTree = "<group>"; };
		0658763A2E8DE12B0093527D /* NetworkClient.swift */ = {isa = PBXFileReference; lastKnownFileType = sourcecode.swift; path = NetworkClient.swift; sourceTree = "<group>"; };
		0658763C2E8DE13B0093527D /* APODNetworkService.swift */ = {isa = PBXFileReference; lastKnownFileType = sourcecode.swift; path = APODNetworkService.swift; sourceTree = "<group>"; };
		0658763E2E8DE1490093527D /* APODCacheService.swift */ = {isa = PBXFileReference; lastKnownFileType = sourcecode.swift; path = APODCacheService.swift; sourceTree = "<group>"; };
		065876402E8DE1570093527D /* ImageCacheService.swift */ = {isa = PBXFileReference; lastKnownFileType = sourcecode.swift; path = ImageCacheService.swift; sourceTree = "<group>"; };
		065876422E8DE1650093527D /* ImageLoader.swift */ = {isa = PBXFileReference; lastKnownFileType = sourcecode.swift; path = ImageLoader.swift; sourceTree = "<group>"; };
		06B23E422E91592700CAD94F /* Date+Extension.swift */ = {isa = PBXFileReference; lastKnownFileType = sourcecode.swift; path = "Date+Extension.swift"; sourceTree = "<group>"; };
		06B23E442E9159A200CAD94F /* MediaType.swift */ = {isa = PBXFileReference; lastKnownFileType = sourcecode.swift; path = MediaType.swift; sourceTree = "<group>"; };
		06B23E572E919A8D00CAD94F /* APODView.swift */ = {isa = PBXFileReference; lastKnownFileType = sourcecode.swift; path = APODView.swift; sourceTree = "<group>"; };
		06B23E592E919F3E00CAD94F /* APODDatePickerSheet.swift */ = {isa = PBXFileReference; lastKnownFileType = sourcecode.swift; path = APODDatePickerSheet.swift; sourceTree = "<group>"; };
		06B23E5B2E919F5800CAD94F /* APODErrorStateView.swift */ = {isa = PBXFileReference; lastKnownFileType = sourcecode.swift; path = APODErrorStateView.swift; sourceTree = "<group>"; };
		06B23E5D2E919F6900CAD94F /* APODExplanationSection.swift */ = {isa = PBXFileReference; lastKnownFileType = sourcecode.swift; path = APODExplanationSection.swift; sourceTree = "<group>"; };
		06B23E5F2E919F9200CAD94F /* APODMediaView.swift */ = {isa = PBXFileReference; lastKnownFileType = sourcecode.swift; path = APODMediaView.swift; sourceTree = "<group>"; };
		06B23E612E919FA500CAD94F /* APODDateBadge.swift */ = {isa = PBXFileReference; lastKnownFileType = sourcecode.swift; path = APODDateBadge.swift; sourceTree = "<group>"; };
		06B23E632E919FF800CAD94F /* APODErrorBanner.swift */ = {isa = PBXFileReference; lastKnownFileType = sourcecode.swift; path = APODErrorBanner.swift; sourceTree = "<group>"; };
		06B23E652E91A01600CAD94F /* APODLoadingView.swift */ = {isa = PBXFileReference; lastKnownFileType = sourcecode.swift; path = APODLoadingView.swift; sourceTree = "<group>"; };
/* End PBXFileReference section */

/* Begin PBXFrameworksBuildPhase section */
		065875E22E8DB0480093527D /* Frameworks */ = {
			isa = PBXFrameworksBuildPhase;
			buildActionMask = 2147483647;
			files = (
			);
			runOnlyForDeploymentPostprocessing = 0;
		};
		065875F22E8DB0490093527D /* Frameworks */ = {
			isa = PBXFrameworksBuildPhase;
			buildActionMask = 2147483647;
			files = (
			);
			runOnlyForDeploymentPostprocessing = 0;
		};
		065875FC2E8DB0490093527D /* Frameworks */ = {
			isa = PBXFrameworksBuildPhase;
			buildActionMask = 2147483647;
			files = (
			);
			runOnlyForDeploymentPostprocessing = 0;
		};
/* End PBXFrameworksBuildPhase section */

/* Begin PBXGroup section */
		06071AA22E8FF6AD00578886 /* Mocks */ = {
			isa = PBXGroup;
			children = (
				06071AA32E8FF6DD00578886 /* MocksClasses.swift */,
			);
			path = Mocks;
			sourceTree = "<group>";
		};
		065875DC2E8DB0480093527D = {
			isa = PBXGroup;
			children = (
				065875E72E8DB0480093527D /* NASAAPODApp */,
				065875F82E8DB0490093527D /* NASAAPODAppTests */,
				065876022E8DB0490093527D /* NASAAPODAppUITests */,
				065875E62E8DB0480093527D /* Products */,
			);
			sourceTree = "<group>";
		};
		065875E62E8DB0480093527D /* Products */ = {
			isa = PBXGroup;
			children = (
				065875E52E8DB0480093527D /* NASAAPODApp.app */,
				065875F52E8DB0490093527D /* NASAAPODAppTests.xctest */,
				065875FF2E8DB0490093527D /* NASAAPODAppUITests.xctest */,
			);
			name = Products;
			sourceTree = "<group>";
		};
		065875E72E8DB0480093527D /* NASAAPODApp */ = {
			isa = PBXGroup;
			children = (
				06B23E462E91704D00CAD94F /* UIComponents */,
				06B23E412E91590C00CAD94F /* Extensions */,
				0658762D2E8DDFB60093527D /* Protocols */,
				065876152E8DB0B90093527D /* Views */,
				065876142E8DB0AA0093527D /* ViewModels */,
				065876132E8DB0920093527D /* Services */,
				065876122E8DB0880093527D /* Models */,
				065875E82E8DB0480093527D /* NASAAPODAppApp.swift */,
				065875EC2E8DB0490093527D /* Assets.xcassets */,
				065875EE2E8DB0490093527D /* Preview Content */,
			);
			path = NASAAPODApp;
			sourceTree = "<group>";
		};
		065875EE2E8DB0490093527D /* Preview Content */ = {
			isa = PBXGroup;
			children = (
				065875EF2E8DB0490093527D /* Preview Assets.xcassets */,
			);
			path = "Preview Content";
			sourceTree = "<group>";
		};
		065875F82E8DB0490093527D /* NASAAPODAppTests */ = {
			isa = PBXGroup;
			children = (
				06071AA22E8FF6AD00578886 /* Mocks */,
				06071A982E8FF4BC00578886 /* APODViewModelTests.swift */,
				06071A9A2E8FF4FC00578886 /* NetworkServiceTests.swift */,
				06071A9C2E8FF5A800578886 /* CacheServiceTests.swift */,
				06071A9E2E8FF60700578886 /* ImageLoaderTests.swift */,
				06071AA02E8FF64D00578886 /* APODModelTests.swift */,
				06071AA52E8FFFC000578886 /* NetworkClientTests.swift */,
			);
			path = NASAAPODAppTests;
			sourceTree = "<group>";
		};
		065876022E8DB0490093527D /* NASAAPODAppUITests */ = {
			isa = PBXGroup;
			children = (
				065876032E8DB0490093527D /* NASAAPODAppUITests.swift */,
				065876052E8DB0490093527D /* NASAAPODAppUITestsLaunchTests.swift */,
			);
			path = NASAAPODAppUITests;
			sourceTree = "<group>";
		};
		065876122E8DB0880093527D /* Models */ = {
			isa = PBXGroup;
			children = (
				06B23E442E9159A200CAD94F /* MediaType.swift */,
				065876262E8DB1B30093527D /* APOD.swift */,
			);
			path = Models;
			sourceTree = "<group>";
		};
		065876132E8DB0920093527D /* Services */ = {
			isa = PBXGroup;
			children = (
				0658763A2E8DE12B0093527D /* NetworkClient.swift */,
				0658763C2E8DE13B0093527D /* APODNetworkService.swift */,
				0658763E2E8DE1490093527D /* APODCacheService.swift */,
				065876402E8DE1570093527D /* ImageCacheService.swift */,
				065876422E8DE1650093527D /* ImageLoader.swift */,
			);
			path = Services;
			sourceTree = "<group>";
		};
		065876142E8DB0AA0093527D /* ViewModels */ = {
			isa = PBXGroup;
			children = (
				065876202E8DB17C0093527D /* APODViewModel.swift */,
			);
			path = ViewModels;
			sourceTree = "<group>";
		};
		065876152E8DB0B90093527D /* Views */ = {
			isa = PBXGroup;
			children = (
				06B23E652E91A01600CAD94F /* APODLoadingView.swift */,
				06B23E632E919FF800CAD94F /* APODErrorBanner.swift */,
				06B23E612E919FA500CAD94F /* APODDateBadge.swift */,
				06B23E5F2E919F9200CAD94F /* APODMediaView.swift */,
				06B23E5D2E919F6900CAD94F /* APODExplanationSection.swift */,
				06B23E5B2E919F5800CAD94F /* APODErrorStateView.swift */,
				06B23E592E919F3E00CAD94F /* APODDatePickerSheet.swift */,
				06B23E572E919A8D00CAD94F /* APODView.swift */,
				065875EA2E8DB0480093527D /* HomeView.swift */,
			);
			path = Views;
			sourceTree = "<group>";
		};
		0658762D2E8DDFB60093527D /* Protocols */ = {
			isa = PBXGroup;
			children = (
				0658762E2E8DDFDE0093527D /* NetworkClientProtocol.swift */,
				065876302E8DDFED0093527D /* APODServiceProtocol.swift */,
				065876322E8DE0000093527D /* APODCacheProtocol.swift */,
				065876342E8DE0120093527D /* ImageCacheProtocol.swift */,
				065876362E8DE0220093527D /* ImageLoaderProtocol.swift */,
			);
			path = Protocols;
			sourceTree = "<group>";
		};
		06B23E412E91590C00CAD94F /* Extensions */ = {
			isa = PBXGroup;
			children = (
				06B23E422E91592700CAD94F /* Date+Extension.swift */,
			);
			path = Extensions;
			sourceTree = "<group>";
		};
		06B23E462E91704D00CAD94F /* UIComponents */ = {
			isa = PBXGroup;
			children = (
				0658762B2E8DD5360093527D /* VideoPlayerView.swift */,
			);
			path = UIComponents;
			sourceTree = "<group>";
		};
/* End PBXGroup section */

/* Begin PBXNativeTarget section */
		065875E42E8DB0480093527D /* NASAAPODApp */ = {
			isa = PBXNativeTarget;
			buildConfigurationList = 065876092E8DB0490093527D /* Build configuration list for PBXNativeTarget "NASAAPODApp" */;
			buildPhases = (
				065875E12E8DB0480093527D /* Sources */,
				065875E22E8DB0480093527D /* Frameworks */,
				065875E32E8DB0480093527D /* Resources */,
			);
			buildRules = (
			);
			dependencies = (
			);
			name = NASAAPODApp;
			productName = NASAAPODApp;
			productReference = 065875E52E8DB0480093527D /* NASAAPODApp.app */;
			productType = "com.apple.product-type.application";
		};
		065875F42E8DB0490093527D /* NASAAPODAppTests */ = {
			isa = PBXNativeTarget;
			buildConfigurationList = 0658760C2E8DB0490093527D /* Build configuration list for PBXNativeTarget "NASAAPODAppTests" */;
			buildPhases = (
				065875F12E8DB0490093527D /* Sources */,
				065875F22E8DB0490093527D /* Frameworks */,
				065875F32E8DB0490093527D /* Resources */,
			);
			buildRules = (
			);
			dependencies = (
				065875F72E8DB0490093527D /* PBXTargetDependency */,
			);
			name = NASAAPODAppTests;
			productName = NASAAPODAppTests;
			productReference = 065875F52E8DB0490093527D /* NASAAPODAppTests.xctest */;
			productType = "com.apple.product-type.bundle.unit-test";
		};
		065875FE2E8DB0490093527D /* NASAAPODAppUITests */ = {
			isa = PBXNativeTarget;
			buildConfigurationList = 0658760F2E8DB0490093527D /* Build configuration list for PBXNativeTarget "NASAAPODAppUITests" */;
			buildPhases = (
				065875FB2E8DB0490093527D /* Sources */,
				065875FC2E8DB0490093527D /* Frameworks */,
				065875FD2E8DB0490093527D /* Resources */,
			);
			buildRules = (
			);
			dependencies = (
				065876012E8DB0490093527D /* PBXTargetDependency */,
			);
			name = NASAAPODAppUITests;
			productName = NASAAPODAppUITests;
			productReference = 065875FF2E8DB0490093527D /* NASAAPODAppUITests.xctest */;
			productType = "com.apple.product-type.bundle.ui-testing";
		};
/* End PBXNativeTarget section */

/* Begin PBXProject section */
		065875DD2E8DB0480093527D /* Project object */ = {
			isa = PBXProject;
			attributes = {
				BuildIndependentTargetsInParallel = 1;
				LastSwiftUpdateCheck = 1540;
				LastUpgradeCheck = 1540;
				TargetAttributes = {
					065875E42E8DB0480093527D = {
						CreatedOnToolsVersion = 15.4;
					};
					065875F42E8DB0490093527D = {
						CreatedOnToolsVersion = 15.4;
						LastSwiftMigration = 1540;
						TestTargetID = 065875E42E8DB0480093527D;
					};
					065875FE2E8DB0490093527D = {
						CreatedOnToolsVersion = 15.4;
						TestTargetID = 065875E42E8DB0480093527D;
					};
				};
			};
			buildConfigurationList = 065875E02E8DB0480093527D /* Build configuration list for PBXProject "NASAAPODApp" */;
			compatibilityVersion = "Xcode 14.0";
			developmentRegion = en;
			hasScannedForEncodings = 0;
			knownRegions = (
				en,
				Base,
			);
			mainGroup = 065875DC2E8DB0480093527D;
			productRefGroup = 065875E62E8DB0480093527D /* Products */;
			projectDirPath = "";
			projectRoot = "";
			targets = (
				065875E42E8DB0480093527D /* NASAAPODApp */,
				065875F42E8DB0490093527D /* NASAAPODAppTests */,
				065875FE2E8DB0490093527D /* NASAAPODAppUITests */,
			);
		};
/* End PBXProject section */

/* Begin PBXResourcesBuildPhase section */
		065875E32E8DB0480093527D /* Resources */ = {
			isa = PBXResourcesBuildPhase;
			buildActionMask = 2147483647;
			files = (
				065875F02E8DB0490093527D /* Preview Assets.xcassets in Resources */,
				065875ED2E8DB0490093527D /* Assets.xcassets in Resources */,
			);
			runOnlyForDeploymentPostprocessing = 0;
		};
		065875F32E8DB0490093527D /* Resources */ = {
			isa = PBXResourcesBuildPhase;
			buildActionMask = 2147483647;
			files = (
			);
			runOnlyForDeploymentPostprocessing = 0;
		};
		065875FD2E8DB0490093527D /* Resources */ = {
			isa = PBXResourcesBuildPhase;
			buildActionMask = 2147483647;
			files = (
			);
			runOnlyForDeploymentPostprocessing = 0;
		};
/* End PBXResourcesBuildPhase section */

/* Begin PBXSourcesBuildPhase section */
		065875E12E8DB0480093527D /* Sources */ = {
			isa = PBXSourcesBuildPhase;
			buildActionMask = 2147483647;
			files = (
				06B23E452E9159AA00CAD94F /* MediaType.swift in Sources */,
				0658763F2E8DE1490093527D /* APODCacheService.swift in Sources */,
				065876372E8DE0220093527D /* ImageLoaderProtocol.swift in Sources */,
				06B23E5A2E919F3E00CAD94F /* APODDatePickerSheet.swift in Sources */,
				06B23E662E91A01600CAD94F /* APODLoadingView.swift in Sources */,
				065876332E8DE0000093527D /* APODCacheProtocol.swift in Sources */,
				0658763D2E8DE13B0093527D /* APODNetworkService.swift in Sources */,
				065876212E8DB17C0093527D /* APODViewModel.swift in Sources */,
				065875EB2E8DB0480093527D /* HomeView.swift in Sources */,
				065876352E8DE0120093527D /* ImageCacheProtocol.swift in Sources */,
				065876272E8DB1B30093527D /* APOD.swift in Sources */,
				065876412E8DE1570093527D /* ImageCacheService.swift in Sources */,
				065876432E8DE1650093527D /* ImageLoader.swift in Sources */,
				0658762F2E8DDFDE0093527D /* NetworkClientProtocol.swift in Sources */,
				065876312E8DDFED0093527D /* APODServiceProtocol.swift in Sources */,
				0658763B2E8DE12B0093527D /* NetworkClient.swift in Sources */,
				06B23E582E919A8D00CAD94F /* APODView.swift in Sources */,
				06B23E5E2E919F6900CAD94F /* APODExplanationSection.swift in Sources */,
				0658762C2E8DD5360093527D /* VideoPlayerView.swift in Sources */,
				06B23E622E919FA500CAD94F /* APODDateBadge.swift in Sources */,
				06B23E5C2E919F5800CAD94F /* APODErrorStateView.swift in Sources */,
				06B23E642E919FF800CAD94F /* APODErrorBanner.swift in Sources */,
				06B23E432E91594B00CAD94F /* Date+Extension.swift in Sources */,
				065875E92E8DB0480093527D /* NASAAPODAppApp.swift in Sources */,
				06B23E602E919F9200CAD94F /* APODMediaView.swift in Sources */,
			);
			runOnlyForDeploymentPostprocessing = 0;
		};
		065875F12E8DB0490093527D /* Sources */ = {
			isa = PBXSourcesBuildPhase;
			buildActionMask = 2147483647;
			files = (
				06071AA42E8FF6DD00578886 /* MocksClasses.swift in Sources */,
				06071A9B2E8FF4FC00578886 /* NetworkServiceTests.swift in Sources */,
				06071A992E8FF4BC00578886 /* APODViewModelTests.swift in Sources */,
				06071A9F2E8FF60700578886 /* ImageLoaderTests.swift in Sources */,
				06071AA12E8FF64D00578886 /* APODModelTests.swift in Sources */,
				06071A9D2E8FF5A800578886 /* CacheServiceTests.swift in Sources */,
				06071AA62E8FFFC000578886 /* NetworkClientTests.swift in Sources */,
			);
			runOnlyForDeploymentPostprocessing = 0;
		};
		065875FB2E8DB0490093527D /* Sources */ = {
			isa = PBXSourcesBuildPhase;
			buildActionMask = 2147483647;
			files = (
				0626FFEB2E8F544D00EF1323 /* NASAAPODAppUITests.swift in Sources */,
				0626FFEC2E8F545000EF1323 /* NASAAPODAppUITestsLaunchTests.swift in Sources */,
			);
			runOnlyForDeploymentPostprocessing = 0;
		};
/* End PBXSourcesBuildPhase section */

/* Begin PBXTargetDependency section */
		065875F72E8DB0490093527D /* PBXTargetDependency */ = {
			isa = PBXTargetDependency;
			target = 065875E42E8DB0480093527D /* NASAAPODApp */;
			targetProxy = 065875F62E8DB0490093527D /* PBXContainerItemProxy */;
		};
		065876012E8DB0490093527D /* PBXTargetDependency */ = {
			isa = PBXTargetDependency;
			target = 065875E42E8DB0480093527D /* NASAAPODApp */;
			targetProxy = 065876002E8DB0490093527D /* PBXContainerItemProxy */;
		};
/* End PBXTargetDependency section */

/* Begin XCBuildConfiguration section */
		065876072E8DB0490093527D /* Debug */ = {
			isa = XCBuildConfiguration;
			buildSettings = {
				ALWAYS_SEARCH_USER_PATHS = NO;
				ASSETCATALOG_COMPILER_GENERATE_SWIFT_ASSET_SYMBOL_EXTENSIONS = YES;
				CLANG_ANALYZER_NONNULL = YES;
				CLANG_ANALYZER_NUMBER_OBJECT_CONVERSION = YES_AGGRESSIVE;
				CLANG_CXX_LANGUAGE_STANDARD = "gnu++20";
				CLANG_ENABLE_MODULES = YES;
				CLANG_ENABLE_OBJC_ARC = YES;
				CLANG_ENABLE_OBJC_WEAK = YES;
				CLANG_WARN_BLOCK_CAPTURE_AUTORELEASING = YES;
				CLANG_WARN_BOOL_CONVERSION = YES;
				CLANG_WARN_COMMA = YES;
				CLANG_WARN_CONSTANT_CONVERSION = YES;
				CLANG_WARN_DEPRECATED_OBJC_IMPLEMENTATIONS = YES;
				CLANG_WARN_DIRECT_OBJC_ISA_USAGE = YES_ERROR;
				CLANG_WARN_DOCUMENTATION_COMMENTS = YES;
				CLANG_WARN_EMPTY_BODY = YES;
				CLANG_WARN_ENUM_CONVERSION = YES;
				CLANG_WARN_INFINITE_RECURSION = YES;
				CLANG_WARN_INT_CONVERSION = YES;
				CLANG_WARN_NON_LITERAL_NULL_CONVERSION = YES;
				CLANG_WARN_OBJC_IMPLICIT_RETAIN_SELF = YES;
				CLANG_WARN_OBJC_LITERAL_CONVERSION = YES;
				CLANG_WARN_OBJC_ROOT_CLASS = YES_ERROR;
				CLANG_WARN_QUOTED_INCLUDE_IN_FRAMEWORK_HEADER = YES;
				CLANG_WARN_RANGE_LOOP_ANALYSIS = YES;
				CLANG_WARN_STRICT_PROTOTYPES = YES;
				CLANG_WARN_SUSPICIOUS_MOVE = YES;
				CLANG_WARN_UNGUARDED_AVAILABILITY = YES_AGGRESSIVE;
				CLANG_WARN_UNREACHABLE_CODE = YES;
				CLANG_WARN__DUPLICATE_METHOD_MATCH = YES;
				COPY_PHASE_STRIP = NO;
				DEBUG_INFORMATION_FORMAT = dwarf;
				ENABLE_STRICT_OBJC_MSGSEND = YES;
				ENABLE_TESTABILITY = YES;
				ENABLE_USER_SCRIPT_SANDBOXING = YES;
				GCC_C_LANGUAGE_STANDARD = gnu17;
				GCC_DYNAMIC_NO_PIC = NO;
				GCC_NO_COMMON_BLOCKS = YES;
				GCC_OPTIMIZATION_LEVEL = 0;
				GCC_PREPROCESSOR_DEFINITIONS = (
					"DEBUG=1",
					"$(inherited)",
				);
				GCC_WARN_64_TO_32_BIT_CONVERSION = YES;
				GCC_WARN_ABOUT_RETURN_TYPE = YES_ERROR;
				GCC_WARN_UNDECLARED_SELECTOR = YES;
				GCC_WARN_UNINITIALIZED_AUTOS = YES_AGGRESSIVE;
				GCC_WARN_UNUSED_FUNCTION = YES;
				GCC_WARN_UNUSED_VARIABLE = YES;
				IPHONEOS_DEPLOYMENT_TARGET = 17.5;
				LOCALIZATION_PREFERS_STRING_CATALOGS = YES;
				MTL_ENABLE_DEBUG_INFO = INCLUDE_SOURCE;
				MTL_FAST_MATH = YES;
				ONLY_ACTIVE_ARCH = YES;
				SDKROOT = iphoneos;
				SWIFT_ACTIVE_COMPILATION_CONDITIONS = "DEBUG $(inherited)";
				SWIFT_OPTIMIZATION_LEVEL = "-Onone";
			};
			name = Debug;
		};
		065876082E8DB0490093527D /* Release */ = {
			isa = XCBuildConfiguration;
			buildSettings = {
				ALWAYS_SEARCH_USER_PATHS = NO;
				ASSETCATALOG_COMPILER_GENERATE_SWIFT_ASSET_SYMBOL_EXTENSIONS = YES;
				CLANG_ANALYZER_NONNULL = YES;
				CLANG_ANALYZER_NUMBER_OBJECT_CONVERSION = YES_AGGRESSIVE;
				CLANG_CXX_LANGUAGE_STANDARD = "gnu++20";
				CLANG_ENABLE_MODULES = YES;
				CLANG_ENABLE_OBJC_ARC = YES;
				CLANG_ENABLE_OBJC_WEAK = YES;
				CLANG_WARN_BLOCK_CAPTURE_AUTORELEASING = YES;
				CLANG_WARN_BOOL_CONVERSION = YES;
				CLANG_WARN_COMMA = YES;
				CLANG_WARN_CONSTANT_CONVERSION = YES;
				CLANG_WARN_DEPRECATED_OBJC_IMPLEMENTATIONS = YES;
				CLANG_WARN_DIRECT_OBJC_ISA_USAGE = YES_ERROR;
				CLANG_WARN_DOCUMENTATION_COMMENTS = YES;
				CLANG_WARN_EMPTY_BODY = YES;
				CLANG_WARN_ENUM_CONVERSION = YES;
				CLANG_WARN_INFINITE_RECURSION = YES;
				CLANG_WARN_INT_CONVERSION = YES;
				CLANG_WARN_NON_LITERAL_NULL_CONVERSION = YES;
				CLANG_WARN_OBJC_IMPLICIT_RETAIN_SELF = YES;
				CLANG_WARN_OBJC_LITERAL_CONVERSION = YES;
				CLANG_WARN_OBJC_ROOT_CLASS = YES_ERROR;
				CLANG_WARN_QUOTED_INCLUDE_IN_FRAMEWORK_HEADER = YES;
				CLANG_WARN_RANGE_LOOP_ANALYSIS = YES;
				CLANG_WARN_STRICT_PROTOTYPES = YES;
				CLANG_WARN_SUSPICIOUS_MOVE = YES;
				CLANG_WARN_UNGUARDED_AVAILABILITY = YES_AGGRESSIVE;
				CLANG_WARN_UNREACHABLE_CODE = YES;
				CLANG_WARN__DUPLICATE_METHOD_MATCH = YES;
				COPY_PHASE_STRIP = NO;
				DEBUG_INFORMATION_FORMAT = "dwarf-with-dsym";
				ENABLE_NS_ASSERTIONS = NO;
				ENABLE_STRICT_OBJC_MSGSEND = YES;
				ENABLE_USER_SCRIPT_SANDBOXING = YES;
				GCC_C_LANGUAGE_STANDARD = gnu17;
				GCC_NO_COMMON_BLOCKS = YES;
				GCC_WARN_64_TO_32_BIT_CONVERSION = YES;
				GCC_WARN_ABOUT_RETURN_TYPE = YES_ERROR;
				GCC_WARN_UNDECLARED_SELECTOR = YES;
				GCC_WARN_UNINITIALIZED_AUTOS = YES_AGGRESSIVE;
				GCC_WARN_UNUSED_FUNCTION = YES;
				GCC_WARN_UNUSED_VARIABLE = YES;
				IPHONEOS_DEPLOYMENT_TARGET = 17.5;
				LOCALIZATION_PREFERS_STRING_CATALOGS = YES;
				MTL_ENABLE_DEBUG_INFO = NO;
				MTL_FAST_MATH = YES;
				SDKROOT = iphoneos;
				SWIFT_COMPILATION_MODE = wholemodule;
				VALIDATE_PRODUCT = YES;
			};
			name = Release;
		};
		0658760A2E8DB0490093527D /* Debug */ = {
			isa = XCBuildConfiguration;
			buildSettings = {
				API_BASE_URL = "https://api.nasa.gov/planetary";
				ASSETCATALOG_COMPILER_APPICON_NAME = AppIcon;
				ASSETCATALOG_COMPILER_GLOBAL_ACCENT_COLOR_NAME = AccentColor;
				CODE_SIGN_STYLE = Automatic;
				CURRENT_PROJECT_VERSION = 1;
				DEVELOPMENT_ASSET_PATHS = "\"NASAAPODApp/Preview Content\"";
				ENABLE_PREVIEWS = YES;
				GENERATE_INFOPLIST_FILE = YES;
				INFOPLIST_FILE = NASAAPODApp/Info.plist;
				INFOPLIST_KEY_LSApplicationCategoryType = "";
				INFOPLIST_KEY_UIApplicationSceneManifest_Generation = YES;
				INFOPLIST_KEY_UIApplicationSupportsIndirectInputEvents = YES;
				INFOPLIST_KEY_UILaunchScreen_Generation = YES;
				INFOPLIST_KEY_UISupportedInterfaceOrientations_iPad = "UIInterfaceOrientationPortrait UIInterfaceOrientationPortraitUpsideDown UIInterfaceOrientationLandscapeLeft UIInterfaceOrientationLandscapeRight";
				INFOPLIST_KEY_UISupportedInterfaceOrientations_iPhone = "UIInterfaceOrientationPortrait UIInterfaceOrientationLandscapeLeft UIInterfaceOrientationLandscapeRight";
				IPHONEOS_DEPLOYMENT_TARGET = 18.0;
				LD_RUNPATH_SEARCH_PATHS = (
					"$(inherited)",
					"@executable_path/Frameworks",
				);
				MARKETING_VERSION = 1.0;
				NASA_API_KEY = IQD0DXygcAVsepjKDlOnAiS8mjHBV31UllAqv8co;
				PRODUCT_BUNDLE_IDENTIFIER = com.praveen.PcitureOfDay;
				PRODUCT_NAME = "$(TARGET_NAME)";
				SWIFT_EMIT_LOC_STRINGS = YES;
				SWIFT_VERSION = 5.0;
				TARGETED_DEVICE_FAMILY = "1,2";
			};
			name = Debug;
		};
		0658760B2E8DB0490093527D /* Release */ = {
			isa = XCBuildConfiguration;
			buildSettings = {
				API_BASE_URL = "https://api.nasa.gov/planetary";
				ASSETCATALOG_COMPILER_APPICON_NAME = AppIcon;
				ASSETCATALOG_COMPILER_GLOBAL_ACCENT_COLOR_NAME = AccentColor;
				CODE_SIGN_STYLE = Automatic;
				CURRENT_PROJECT_VERSION = 1;
				DEVELOPMENT_ASSET_PATHS = "\"NASAAPODApp/Preview Content\"";
				ENABLE_PREVIEWS = YES;
				GENERATE_INFOPLIST_FILE = YES;
				INFOPLIST_FILE = NASAAPODApp/Info.plist;
				INFOPLIST_KEY_LSApplicationCategoryType = "";
				INFOPLIST_KEY_UIApplicationSceneManifest_Generation = YES;
				INFOPLIST_KEY_UIApplicationSupportsIndirectInputEvents = YES;
				INFOPLIST_KEY_UILaunchScreen_Generation = YES;
				INFOPLIST_KEY_UISupportedInterfaceOrientations_iPad = "UIInterfaceOrientationPortrait UIInterfaceOrientationPortraitUpsideDown UIInterfaceOrientationLandscapeLeft UIInterfaceOrientationLandscapeRight";
				INFOPLIST_KEY_UISupportedInterfaceOrientations_iPhone = "UIInterfaceOrientationPortrait UIInterfaceOrientationLandscapeLeft UIInterfaceOrientationLandscapeRight";
				IPHONEOS_DEPLOYMENT_TARGET = 18.0;
				LD_RUNPATH_SEARCH_PATHS = (
					"$(inherited)",
					"@executable_path/Frameworks",
				);
				MARKETING_VERSION = 1.0;
				NASA_API_KEY = IQD0DXygcAVsepjKDlOnAiS8mjHBV31UllAqv8co;
				PRODUCT_BUNDLE_IDENTIFIER = com.praveen.PcitureOfDay;
				PRODUCT_NAME = "$(TARGET_NAME)";
				SWIFT_EMIT_LOC_STRINGS = YES;
				SWIFT_VERSION = 5.0;
				TARGETED_DEVICE_FAMILY = "1,2";
			};
			name = Release;
		};
		0658760D2E8DB0490093527D /* Debug */ = {
			isa = XCBuildConfiguration;
			buildSettings = {
				ALWAYS_EMBED_SWIFT_STANDARD_LIBRARIES = YES;
				BUNDLE_LOADER = "$(TEST_HOST)";
				CLANG_ENABLE_MODULES = YES;
				CODE_SIGN_STYLE = Automatic;
				CURRENT_PROJECT_VERSION = 1;
				GENERATE_INFOPLIST_FILE = YES;
				IPHONEOS_DEPLOYMENT_TARGET = 17.5;
				MARKETING_VERSION = 1.0;
				PRODUCT_BUNDLE_IDENTIFIER = com.praveen.NASAAPODAppTests;
				PRODUCT_NAME = "$(TARGET_NAME)";
				SWIFT_EMIT_LOC_STRINGS = NO;
				SWIFT_OPTIMIZATION_LEVEL = "-Onone";
				SWIFT_VERSION = 5.0;
				TARGETED_DEVICE_FAMILY = "1,2";
				TEST_HOST = "$(BUILT_PRODUCTS_DIR)/NASAAPODApp.app/$(BUNDLE_EXECUTABLE_FOLDER_PATH)/NASAAPODApp";
			};
			name = Debug;
		};
		0658760E2E8DB0490093527D /* Release */ = {
			isa = XCBuildConfiguration;
			buildSettings = {
				ALWAYS_EMBED_SWIFT_STANDARD_LIBRARIES = YES;
				BUNDLE_LOADER = "$(TEST_HOST)";
				CLANG_ENABLE_MODULES = YES;
				CODE_SIGN_STYLE = Automatic;
				CURRENT_PROJECT_VERSION = 1;
				GENERATE_INFOPLIST_FILE = YES;
				IPHONEOS_DEPLOYMENT_TARGET = 17.5;
				MARKETING_VERSION = 1.0;
				PRODUCT_BUNDLE_IDENTIFIER = com.praveen.NASAAPODAppTests;
				PRODUCT_NAME = "$(TARGET_NAME)";
				SWIFT_EMIT_LOC_STRINGS = NO;
				SWIFT_VERSION = 5.0;
				TARGETED_DEVICE_FAMILY = "1,2";
				TEST_HOST = "$(BUILT_PRODUCTS_DIR)/NASAAPODApp.app/$(BUNDLE_EXECUTABLE_FOLDER_PATH)/NASAAPODApp";
			};
			name = Release;
		};
		065876102E8DB0490093527D /* Debug */ = {
			isa = XCBuildConfiguration;
			buildSettings = {
				ALWAYS_EMBED_SWIFT_STANDARD_LIBRARIES = YES;
				CODE_SIGN_STYLE = Automatic;
				CURRENT_PROJECT_VERSION = 1;
				GENERATE_INFOPLIST_FILE = YES;
				MARKETING_VERSION = 1.0;
				PRODUCT_BUNDLE_IDENTIFIER = com.praveen.NASAAPODAppUITests;
				PRODUCT_NAME = "$(TARGET_NAME)";
				SWIFT_EMIT_LOC_STRINGS = NO;
				SWIFT_VERSION = 5.0;
				TARGETED_DEVICE_FAMILY = "1,2";
				TEST_TARGET_NAME = NASAAPODApp;
			};
			name = Debug;
		};
		065876112E8DB0490093527D /* Release */ = {
			isa = XCBuildConfiguration;
			buildSettings = {
				ALWAYS_EMBED_SWIFT_STANDARD_LIBRARIES = YES;
				CODE_SIGN_STYLE = Automatic;
				CURRENT_PROJECT_VERSION = 1;
				GENERATE_INFOPLIST_FILE = YES;
				MARKETING_VERSION = 1.0;
				PRODUCT_BUNDLE_IDENTIFIER = com.praveen.NASAAPODAppUITests;
				PRODUCT_NAME = "$(TARGET_NAME)";
				SWIFT_EMIT_LOC_STRINGS = NO;
				SWIFT_VERSION = 5.0;
				TARGETED_DEVICE_FAMILY = "1,2";
				TEST_TARGET_NAME = NASAAPODApp;
			};
			name = Release;
		};
/* End XCBuildConfiguration section */

/* Begin XCConfigurationList section */
		065875E02E8DB0480093527D /* Build configuration list for PBXProject "NASAAPODApp" */ = {
			isa = XCConfigurationList;
			buildConfigurations = (
				065876072E8DB0490093527D /* Debug */,
				065876082E8DB0490093527D /* Release */,
			);
			defaultConfigurationIsVisible = 0;
			defaultConfigurationName = Release;
		};
		065876092E8DB0490093527D /* Build configuration list for PBXNativeTarget "NASAAPODApp" */ = {
			isa = XCConfigurationList;
			buildConfigurations = (
				0658760A2E8DB0490093527D /* Debug */,
				0658760B2E8DB0490093527D /* Release */,
			);
			defaultConfigurationIsVisible = 0;
			defaultConfigurationName = Release;
		};
		0658760C2E8DB0490093527D /* Build configuration list for PBXNativeTarget "NASAAPODAppTests" */ = {
			isa = XCConfigurationList;
			buildConfigurations = (
				0658760D2E8DB0490093527D /* Debug */,
				0658760E2E8DB0490093527D /* Release */,
			);
			defaultConfigurationIsVisible = 0;
			defaultConfigurationName = Release;
		};
		0658760F2E8DB0490093527D /* Build configuration list for PBXNativeTarget "NASAAPODAppUITests" */ = {
			isa = XCConfigurationList;
			buildConfigurations = (
				065876102E8DB0490093527D /* Debug */,
				065876112E8DB0490093527D /* Release */,
			);
			defaultConfigurationIsVisible = 0;
			defaultConfigurationName = Release;
		};
/* End XCConfigurationList section */
	};
	rootObject = 065875DD2E8DB0480093527D /* Project object */;
}
